// !$*UTF8*$!
{
	archiveVersion = 1;
	classes = {
	};
	objectVersion = 56;
	objects = {

/* Begin PBXBuildFile section */
		FC4629302C7785C700B8DE7D /* YumBookApp.swift in Sources */ = {isa = PBXBuildFile; fileRef = FC46292F2C7785C700B8DE7D /* YumBookApp.swift */; };
		FC4629322C7785C700B8DE7D /* ContentView.swift in Sources */ = {isa = PBXBuildFile; fileRef = FC4629312C7785C700B8DE7D /* ContentView.swift */; };
		FC4629342C7785C800B8DE7D /* Assets.xcassets in Resources */ = {isa = PBXBuildFile; fileRef = FC4629332C7785C800B8DE7D /* Assets.xcassets */; };
		FC4629372C7785C800B8DE7D /* Preview Assets.xcassets in Resources */ = {isa = PBXBuildFile; fileRef = FC4629362C7785C800B8DE7D /* Preview Assets.xcassets */; };
		FC46293E2C78B98500B8DE7D /* WelcomeView.swift in Sources */ = {isa = PBXBuildFile; fileRef = FC46293D2C78B98500B8DE7D /* WelcomeView.swift */; };
		FC4629442C78CCDB00B8DE7D /* Recipes.swift in Sources */ = {isa = PBXBuildFile; fileRef = FC4629432C78CCDB00B8DE7D /* Recipes.swift */; };
		FC4629462C7A2BD300B8DE7D /* RecipeViewModel.swift in Sources */ = {isa = PBXBuildFile; fileRef = FC4629452C7A2BD300B8DE7D /* RecipeViewModel.swift */; };
		FC46294B2C7A2CE900B8DE7D /* RecipeImageView.swift in Sources */ = {isa = PBXBuildFile; fileRef = FC46294A2C7A2CE900B8DE7D /* RecipeImageView.swift */; };
		FC46294F2C7A6FEE00B8DE7D /* RecipeDetailView.swift in Sources */ = {isa = PBXBuildFile; fileRef = FC46294E2C7A6FEE00B8DE7D /* RecipeDetailView.swift */; };
		FCF9242F2C7B994000D58CA4 /* Launch Screen.storyboard in Resources */ = {isa = PBXBuildFile; fileRef = FCF9242E2C7B994000D58CA4 /* Launch Screen.storyboard */; };
/* End PBXBuildFile section */

/* Begin PBXFileReference section */
		FC46292C2C7785C700B8DE7D /* YumBook.app */ = {isa = PBXFileReference; explicitFileType = wrapper.application; includeInIndex = 0; path = YumBook.app; sourceTree = BUILT_PRODUCTS_DIR; };
		FC46292F2C7785C700B8DE7D /* YumBookApp.swift */ = {isa = PBXFileReference; lastKnownFileType = sourcecode.swift; path = YumBookApp.swift; sourceTree = "<group>"; };
		FC4629312C7785C700B8DE7D /* ContentView.swift */ = {isa = PBXFileReference; lastKnownFileType = sourcecode.swift; path = ContentView.swift; sourceTree = "<group>"; };
		FC4629332C7785C800B8DE7D /* Assets.xcassets */ = {isa = PBXFileReference; lastKnownFileType = folder.assetcatalog; path = Assets.xcassets; sourceTree = "<group>"; };
		FC4629362C7785C800B8DE7D /* Preview Assets.xcassets */ = {isa = PBXFileReference; lastKnownFileType = folder.assetcatalog; path = "Preview Assets.xcassets"; sourceTree = "<group>"; };
		FC46293D2C78B98500B8DE7D /* WelcomeView.swift */ = {isa = PBXFileReference; lastKnownFileType = sourcecode.swift; path = WelcomeView.swift; sourceTree = "<group>"; };
		FC4629432C78CCDB00B8DE7D /* Recipes.swift */ = {isa = PBXFileReference; lastKnownFileType = sourcecode.swift; path = Recipes.swift; sourceTree = "<group>"; };
		FC4629452C7A2BD300B8DE7D /* RecipeViewModel.swift */ = {isa = PBXFileReference; lastKnownFileType = sourcecode.swift; path = RecipeViewModel.swift; sourceTree = "<group>"; };
		FC46294A2C7A2CE900B8DE7D /* RecipeImageView.swift */ = {isa = PBXFileReference; lastKnownFileType = sourcecode.swift; path = RecipeImageView.swift; sourceTree = "<group>"; };
		FC46294E2C7A6FEE00B8DE7D /* RecipeDetailView.swift */ = {isa = PBXFileReference; lastKnownFileType = sourcecode.swift; path = RecipeDetailView.swift; sourceTree = "<group>"; };
		FC4629502C7B973500B8DE7D /* Info.plist */ = {isa = PBXFileReference; lastKnownFileType = text.plist; path = Info.plist; sourceTree = "<group>"; };
		FCF9242E2C7B994000D58CA4 /* Launch Screen.storyboard */ = {isa = PBXFileReference; lastKnownFileType = file.storyboard; path = "Launch Screen.storyboard"; sourceTree = "<group>"; };
/* End PBXFileReference section */

/* Begin PBXFrameworksBuildPhase section */
		FC4629292C7785C700B8DE7D /* Frameworks */ = {
			isa = PBXFrameworksBuildPhase;
			buildActionMask = 2147483647;
			files = (
			);
			runOnlyForDeploymentPostprocessing = 0;
		};
/* End PBXFrameworksBuildPhase section */

/* Begin PBXGroup section */
		FC4629232C7785C700B8DE7D = {
			isa = PBXGroup;
			children = (
				FC4629472C7A2C8100B8DE7D /* Welcome View */,
				FC46292E2C7785C700B8DE7D /* YumBook */,
				FC46292D2C7785C700B8DE7D /* Products */,
			);
			sourceTree = "<group>";
		};
		FC46292D2C7785C700B8DE7D /* Products */ = {
			isa = PBXGroup;
			children = (
				FC46292C2C7785C700B8DE7D /* YumBook.app */,
			);
			name = Products;
			sourceTree = "<group>";
		};
		FC46292E2C7785C700B8DE7D /* YumBook */ = {
			isa = PBXGroup;
			children = (
				FC4629502C7B973500B8DE7D /* Info.plist */,
				FC46292F2C7785C700B8DE7D /* YumBookApp.swift */,
				FC4629422C78CCD000B8DE7D /* Model */,
				FC46294D2C7A658300B8DE7D /* View */,
				FC46294C2C7A648D00B8DE7D /* ViewModel */,
				FC4629352C7785C800B8DE7D /* Preview Content */,
			);
			path = YumBook;
			sourceTree = "<group>";
		};
		FC4629352C7785C800B8DE7D /* Preview Content */ = {
			isa = PBXGroup;
			children = (
				FC4629362C7785C800B8DE7D /* Preview Assets.xcassets */,
				FC4629332C7785C800B8DE7D /* Assets.xcassets */,
				FCF9242E2C7B994000D58CA4 /* Launch Screen.storyboard */,
			);
			path = "Preview Content";
			sourceTree = "<group>";
		};
		FC4629422C78CCD000B8DE7D /* Model */ = {
			isa = PBXGroup;
			children = (
				FC4629432C78CCDB00B8DE7D /* Recipes.swift */,
			);
			path = Model;
			sourceTree = "<group>";
		};
		FC4629472C7A2C8100B8DE7D /* Welcome View */ = {
			isa = PBXGroup;
			children = (
				FC46293D2C78B98500B8DE7D /* WelcomeView.swift */,
			);
			path = "Welcome View";
			sourceTree = "<group>";
		};
		FC46294C2C7A648D00B8DE7D /* ViewModel */ = {
			isa = PBXGroup;
			children = (
				FC4629452C7A2BD300B8DE7D /* RecipeViewModel.swift */,
			);
			path = ViewModel;
			sourceTree = "<group>";
		};
		FC46294D2C7A658300B8DE7D /* View */ = {
			isa = PBXGroup;
			children = (
				FC4629312C7785C700B8DE7D /* ContentView.swift */,
				FC46294A2C7A2CE900B8DE7D /* RecipeImageView.swift */,
				FC46294E2C7A6FEE00B8DE7D /* RecipeDetailView.swift */,
			);
			path = View;
			sourceTree = "<group>";
		};
/* End PBXGroup section */

/* Begin PBXNativeTarget section */
		FC46292B2C7785C700B8DE7D /* YumBook */ = {
			isa = PBXNativeTarget;
			buildConfigurationList = FC46293A2C7785C800B8DE7D /* Build configuration list for PBXNativeTarget "YumBook" */;
			buildPhases = (
				FC4629282C7785C700B8DE7D /* Sources */,
				FC4629292C7785C700B8DE7D /* Frameworks */,
				FC46292A2C7785C700B8DE7D /* Resources */,
			);
			buildRules = (
			);
			dependencies = (
			);
			name = YumBook;
			productName = YumBook;
			productReference = FC46292C2C7785C700B8DE7D /* YumBook.app */;
			productType = "com.apple.product-type.application";
		};
/* End PBXNativeTarget section */

/* Begin PBXProject section */
		FC4629242C7785C700B8DE7D /* Project object */ = {
			isa = PBXProject;
			attributes = {
				BuildIndependentTargetsInParallel = 1;
				LastSwiftUpdateCheck = 1540;
				LastUpgradeCheck = 1540;
				TargetAttributes = {
					FC46292B2C7785C700B8DE7D = {
						CreatedOnToolsVersion = 15.4;
					};
				};
			};
			buildConfigurationList = FC4629272C7785C700B8DE7D /* Build configuration list for PBXProject "YumBook" */;
			compatibilityVersion = "Xcode 14.0";
			developmentRegion = en;
			hasScannedForEncodings = 0;
			knownRegions = (
				en,
				Base,
			);
			mainGroup = FC4629232C7785C700B8DE7D;
			productRefGroup = FC46292D2C7785C700B8DE7D /* Products */;
			projectDirPath = "";
			projectRoot = "";
			targets = (
				FC46292B2C7785C700B8DE7D /* YumBook */,
			);
		};
/* End PBXProject section */

/* Begin PBXResourcesBuildPhase section */
		FC46292A2C7785C700B8DE7D /* Resources */ = {
			isa = PBXResourcesBuildPhase;
			buildActionMask = 2147483647;
			files = (
				FCF9242F2C7B994000D58CA4 /* Launch Screen.storyboard in Resources */,
				FC4629372C7785C800B8DE7D /* Preview Assets.xcassets in Resources */,
				FC4629342C7785C800B8DE7D /* Assets.xcassets in Resources */,
			);
			runOnlyForDeploymentPostprocessing = 0;
		};
/* End PBXResourcesBuildPhase section */

/* Begin PBXSourcesBuildPhase section */
		FC4629282C7785C700B8DE7D /* Sources */ = {
			isa = PBXSourcesBuildPhase;
			buildActionMask = 2147483647;
			files = (
				FC46294F2C7A6FEE00B8DE7D /* RecipeDetailView.swift in Sources */,
				FC4629322C7785C700B8DE7D /* ContentView.swift in Sources */,
				FC46293E2C78B98500B8DE7D /* WelcomeView.swift in Sources */,
				FC46294B2C7A2CE900B8DE7D /* RecipeImageView.swift in Sources */,
				FC4629302C7785C700B8DE7D /* YumBookApp.swift in Sources */,
				FC4629462C7A2BD300B8DE7D /* RecipeViewModel.swift in Sources */,
				FC4629442C78CCDB00B8DE7D /* Recipes.swift in Sources */,
			);
			runOnlyForDeploymentPostprocessing = 0;
		};
/* End PBXSourcesBuildPhase section */

/* Begin XCBuildConfiguration section */
		FC4629382C7785C800B8DE7D /* Debug */ = {
			isa = XCBuildConfiguration;
			buildSettings = {
				ALWAYS_SEARCH_USER_PATHS = NO;
				ASSETCATALOG_COMPILER_GENERATE_SWIFT_ASSET_SYMBOL_EXTENSIONS = YES;
				CLANG_ANALYZER_NONNULL = YES;
				CLANG_ANALYZER_NUMBER_OBJECT_CONVERSION = YES_AGGRESSIVE;
				CLANG_CXX_LANGUAGE_STANDARD = "gnu++20";
				CLANG_ENABLE_MODULES = YES;
				CLANG_ENABLE_OBJC_ARC = YES;
				CLANG_ENABLE_OBJC_WEAK = YES;
				CLANG_WARN_BLOCK_CAPTURE_AUTORELEASING = YES;
				CLANG_WARN_BOOL_CONVERSION = YES;
				CLANG_WARN_COMMA = YES;
				CLANG_WARN_CONSTANT_CONVERSION = YES;
				CLANG_WARN_DEPRECATED_OBJC_IMPLEMENTATIONS = YES;
				CLANG_WARN_DIRECT_OBJC_ISA_USAGE = YES_ERROR;
				CLANG_WARN_DOCUMENTATION_COMMENTS = YES;
				CLANG_WARN_EMPTY_BODY = YES;
				CLANG_WARN_ENUM_CONVERSION = YES;
				CLANG_WARN_INFINITE_RECURSION = YES;
				CLANG_WARN_INT_CONVERSION = YES;
				CLANG_WARN_NON_LITERAL_NULL_CONVERSION = YES;
				CLANG_WARN_OBJC_IMPLICIT_RETAIN_SELF = YES;
				CLANG_WARN_OBJC_LITERAL_CONVERSION = YES;
				CLANG_WARN_OBJC_ROOT_CLASS = YES_ERROR;
				CLANG_WARN_QUOTED_INCLUDE_IN_FRAMEWORK_HEADER = YES;
				CLANG_WARN_RANGE_LOOP_ANALYSIS = YES;
				CLANG_WARN_STRICT_PROTOTYPES = YES;
				CLANG_WARN_SUSPICIOUS_MOVE = YES;
				CLANG_WARN_UNGUARDED_AVAILABILITY = YES_AGGRESSIVE;
				CLANG_WARN_UNREACHABLE_CODE = YES;
				CLANG_WARN__DUPLICATE_METHOD_MATCH = YES;
				COPY_PHASE_STRIP = NO;
				DEBUG_INFORMATION_FORMAT = dwarf;
				ENABLE_STRICT_OBJC_MSGSEND = YES;
				ENABLE_TESTABILITY = YES;
				ENABLE_USER_SCRIPT_SANDBOXING = YES;
				GCC_C_LANGUAGE_STANDARD = gnu17;
				GCC_DYNAMIC_NO_PIC = NO;
				GCC_NO_COMMON_BLOCKS = YES;
				GCC_OPTIMIZATION_LEVEL = 0;
				GCC_PREPROCESSOR_DEFINITIONS = (
					"DEBUG=1",
					"$(inherited)",
				);
				GCC_WARN_64_TO_32_BIT_CONVERSION = YES;
				GCC_WARN_ABOUT_RETURN_TYPE = YES_ERROR;
				GCC_WARN_UNDECLARED_SELECTOR = YES;
				GCC_WARN_UNINITIALIZED_AUTOS = YES_AGGRESSIVE;
				GCC_WARN_UNUSED_FUNCTION = YES;
				GCC_WARN_UNUSED_VARIABLE = YES;
				IPHONEOS_DEPLOYMENT_TARGET = 17.5;
				LOCALIZATION_PREFERS_STRING_CATALOGS = YES;
				MTL_ENABLE_DEBUG_INFO = INCLUDE_SOURCE;
				MTL_FAST_MATH = YES;
				ONLY_ACTIVE_ARCH = YES;
				SDKROOT = iphoneos;
				SWIFT_ACTIVE_COMPILATION_CONDITIONS = "DEBUG $(inherited)";
				SWIFT_OPTIMIZATION_LEVEL = "-Onone";
			};
			name = Debug;
		};
		FC4629392C7785C800B8DE7D /* Release */ = {
			isa = XCBuildConfiguration;
			buildSettings = {
				ALWAYS_SEARCH_USER_PATHS = NO;
				ASSETCATALOG_COMPILER_GENERATE_SWIFT_ASSET_SYMBOL_EXTENSIONS = YES;
				CLANG_ANALYZER_NONNULL = YES;
				CLANG_ANALYZER_NUMBER_OBJECT_CONVERSION = YES_AGGRESSIVE;
				CLANG_CXX_LANGUAGE_STANDARD = "gnu++20";
				CLANG_ENABLE_MODULES = YES;
				CLANG_ENABLE_OBJC_ARC = YES;
				CLANG_ENABLE_OBJC_WEAK = YES;
				CLANG_WARN_BLOCK_CAPTURE_AUTORELEASING = YES;
				CLANG_WARN_BOOL_CONVERSION = YES;
				CLANG_WARN_COMMA = YES;
				CLANG_WARN_CONSTANT_CONVERSION = YES;
				CLANG_WARN_DEPRECATED_OBJC_IMPLEMENTATIONS = YES;
				CLANG_WARN_DIRECT_OBJC_ISA_USAGE = YES_ERROR;
				CLANG_WARN_DOCUMENTATION_COMMENTS = YES;
				CLANG_WARN_EMPTY_BODY = YES;
				CLANG_WARN_ENUM_CONVERSION = YES;
				CLANG_WARN_INFINITE_RECURSION = YES;
				CLANG_WARN_INT_CONVERSION = YES;
				CLANG_WARN_NON_LITERAL_NULL_CONVERSION = YES;
				CLANG_WARN_OBJC_IMPLICIT_RETAIN_SELF = YES;
				CLANG_WARN_OBJC_LITERAL_CONVERSION = YES;
				CLANG_WARN_OBJC_ROOT_CLASS = YES_ERROR;
				CLANG_WARN_QUOTED_INCLUDE_IN_FRAMEWORK_HEADER = YES;
				CLANG_WARN_RANGE_LOOP_ANALYSIS = YES;
				CLANG_WARN_STRICT_PROTOTYPES = YES;
				CLANG_WARN_SUSPICIOUS_MOVE = YES;
				CLANG_WARN_UNGUARDED_AVAILABILITY = YES_AGGRESSIVE;
				CLANG_WARN_UNREACHABLE_CODE = YES;
				CLANG_WARN__DUPLICATE_METHOD_MATCH = YES;
				COPY_PHASE_STRIP = NO;
				DEBUG_INFORMATION_FORMAT = "dwarf-with-dsym";
				ENABLE_NS_ASSERTIONS = NO;
				ENABLE_STRICT_OBJC_MSGSEND = YES;
				ENABLE_USER_SCRIPT_SANDBOXING = YES;
				GCC_C_LANGUAGE_STANDARD = gnu17;
				GCC_NO_COMMON_BLOCKS = YES;
				GCC_WARN_64_TO_32_BIT_CONVERSION = YES;
				GCC_WARN_ABOUT_RETURN_TYPE = YES_ERROR;
				GCC_WARN_UNDECLARED_SELECTOR = YES;
				GCC_WARN_UNINITIALIZED_AUTOS = YES_AGGRESSIVE;
				GCC_WARN_UNUSED_FUNCTION = YES;
				GCC_WARN_UNUSED_VARIABLE = YES;
				IPHONEOS_DEPLOYMENT_TARGET = 17.5;
				LOCALIZATION_PREFERS_STRING_CATALOGS = YES;
				MTL_ENABLE_DEBUG_INFO = NO;
				MTL_FAST_MATH = YES;
				SDKROOT = iphoneos;
				SWIFT_COMPILATION_MODE = wholemodule;
				VALIDATE_PRODUCT = YES;
			};
			name = Release;
		};
		FC46293B2C7785C800B8DE7D /* Debug */ = {
			isa = XCBuildConfiguration;
			buildSettings = {
				ASSETCATALOG_COMPILER_APPICON_NAME = AppIcon;
				ASSETCATALOG_COMPILER_GLOBAL_ACCENT_COLOR_NAME = AccentColor;
				CODE_SIGN_STYLE = Automatic;
				CURRENT_PROJECT_VERSION = 1;
				DEVELOPMENT_ASSET_PATHS = "\"YumBook/Preview Content\"";
				ENABLE_PREVIEWS = YES;
				GENERATE_INFOPLIST_FILE = YES;
				INFOPLIST_FILE = YumBook/Info.plist;
				INFOPLIST_KEY_UIApplicationSceneManifest_Generation = YES;
				INFOPLIST_KEY_UIApplicationSupportsIndirectInputEvents = YES;
				INFOPLIST_KEY_UILaunchScreen_Generation = YES;
				INFOPLIST_KEY_UILaunchStoryboardName = "Launch Screen.storyboard";
				INFOPLIST_KEY_UISupportedInterfaceOrientations_iPad = "UIInterfaceOrientationPortrait UIInterfaceOrientationPortraitUpsideDown UIInterfaceOrientationLandscapeLeft UIInterfaceOrientationLandscapeRight";
				INFOPLIST_KEY_UISupportedInterfaceOrientations_iPhone = "UIInterfaceOrientationPortrait UIInterfaceOrientationLandscapeLeft UIInterfaceOrientationLandscapeRight";
				LD_RUNPATH_SEARCH_PATHS = (
					"$(inherited)",
					"@executable_path/Frameworks",
				);
				MARKETING_VERSION = 1.0;
				PRODUCT_BUNDLE_IDENTIFIER = co.candindar.YumBook;
				PRODUCT_NAME = "$(TARGET_NAME)";
				SWIFT_EMIT_LOC_STRINGS = YES;
				SWIFT_VERSION = 5.0;
				TARGETED_DEVICE_FAMILY = "1,2";
			};
			name = Debug;
		};
		FC46293C2C7785C800B8DE7D /* Release */ = {
			isa = XCBuildConfiguration;
			buildSettings = {
				ASSETCATALOG_COMPILER_APPICON_NAME = AppIcon;
				ASSETCATALOG_COMPILER_GLOBAL_ACCENT_COLOR_NAME = AccentColor;
				CODE_SIGN_STYLE = Automatic;
				CURRENT_PROJECT_VERSION = 1;
				DEVELOPMENT_ASSET_PATHS = "\"YumBook/Preview Content\"";
				ENABLE_PREVIEWS = YES;
				GENERATE_INFOPLIST_FILE = YES;
				INFOPLIST_FILE = YumBook/Info.plist;
				INFOPLIST_KEY_UIApplicationSceneManifest_Generation = YES;
				INFOPLIST_KEY_UIApplicationSupportsIndirectInputEvents = YES;
				INFOPLIST_KEY_UILaunchScreen_Generation = YES;
				INFOPLIST_KEY_UILaunchStoryboardName = "Launch Screen.storyboard";
				INFOPLIST_KEY_UISupportedInterfaceOrientations_iPad = "UIInterfaceOrientationPortrait UIInterfaceOrientationPortraitUpsideDown UIInterfaceOrientationLandscapeLeft UIInterfaceOrientationLandscapeRight";
				INFOPLIST_KEY_UISupportedInterfaceOrientations_iPhone = "UIInterfaceOrientationPortrait UIInterfaceOrientationLandscapeLeft UIInterfaceOrientationLandscapeRight";
				LD_RUNPATH_SEARCH_PATHS = (
					"$(inherited)",
					"@executable_path/Frameworks",
				);
				MARKETING_VERSION = 1.0;
				PRODUCT_BUNDLE_IDENTIFIER = co.candindar.YumBook;
				PRODUCT_NAME = "$(TARGET_NAME)";
				SWIFT_EMIT_LOC_STRINGS = YES;
				SWIFT_VERSION = 5.0;
				TARGETED_DEVICE_FAMILY = "1,2";
			};
			name = Release;
		};
/* End XCBuildConfiguration section */

/* Begin XCConfigurationList section */
		FC4629272C7785C700B8DE7D /* Build configuration list for PBXProject "YumBook" */ = {
			isa = XCConfigurationList;
			buildConfigurations = (
				FC4629382C7785C800B8DE7D /* Debug */,
				FC4629392C7785C800B8DE7D /* Release */,
			);
			defaultConfigurationIsVisible = 0;
			defaultConfigurationName = Release;
		};
		FC46293A2C7785C800B8DE7D /* Build configuration list for PBXNativeTarget "YumBook" */ = {
			isa = XCConfigurationList;
			buildConfigurations = (
				FC46293B2C7785C800B8DE7D /* Debug */,
				FC46293C2C7785C800B8DE7D /* Release */,
			);
			defaultConfigurationIsVisible = 0;
			defaultConfigurationName = Release;
		};
/* End XCConfigurationList section */
	};
	rootObject = FC4629242C7785C700B8DE7D /* Project object */;
}
